
Microsoft Visual Studio Solution File, Format Version 12.00
# Visual Studio Version 16
VisualStudioVersion = 16.0.31005.135
MinimumVisualStudioVersion = 10.0.40219.1
Project("{9A19103F-16F7-4668-BE54-9A1E7A4F7556}") = "RestApiCURDApp", "RestApiCURDApp\RestApiCURDApp.csproj", "{FADFA942-4692-4045-8825-750D492AB37B}"
EndProject
Project("{FAE04EC0-301F-11D3-BF4B-00C04F79EFBC}") = "RestApi_CRUD_Using_DataBase_FirstApproach", "RestApi_CRUD_Using_DataBase_FirstApproach\RestApi_CRUD_Using_DataBase_FirstApproach.csproj", "{218CF194-932F-4199-821C-38D59530C7A3}"
EndProject
Global
	GlobalSection(SolutionConfigurationPlatforms) = preSolution
		Debug|Any CPU = Debug|Any CPU
		Release|Any CPU = Release|Any CPU
	EndGlobalSection
	GlobalSection(ProjectConfigurationPlatforms) = postSolution
		{FADFA942-4692-4045-8825-750D492AB37B}.Debug|Any CPU.ActiveCfg = Debug|Any CPU
		{FADFA942-4692-4045-8825-750D492AB37B}.Debug|Any CPU.Build.0 = Debug|Any CPU
		{FADFA942-4692-4045-8825-750D492AB37B}.Release|Any CPU.ActiveCfg = Release|Any CPU
		{FADFA942-4692-4045-8825-750D492AB37B}.Release|Any CPU.Build.0 = Release|Any CPU
		{218CF194-932F-4199-821C-38D59530C7A3}.Debug|Any CPU.ActiveCfg = Debug|Any CPU
		{218CF194-932F-4199-821C-38D59530C7A3}.Debug|Any CPU.Build.0 = Debug|Any CPU
		{218CF194-932F-4199-821C-38D59530C7A3}.Release|Any CPU.ActiveCfg = Release|Any CPU
		{218CF194-932F-4199-821C-38D59530C7A3}.Release|Any CPU.Build.0 = Release|Any CPU
	EndGlobalSection
	GlobalSection(SolutionProperties) = preSolution
		HideSolutionNode = FALSE
	EndGlobalSection
	GlobalSection(ExtensibilityGlobals) = postSolution
		SolutionGuid = {D65A0E7A-A72B-4127-974B-3DB9349946EF}
	EndGlobalSection
EndGlobal
